
Microsoft Visual Studio Solution File, Format Version 12.00
# Visual Studio Version 17
VisualStudioVersion = 17.11.35327.3
MinimumVisualStudioVersion = 10.0.40219.1
Project("{FAE04EC0-301F-11D3-BF4B-00C04F79EFBC}") = "StrongBlocksMaui", "StrongBlocksMaui\StrongBlocksMaui.csproj", "{1B90B740-8F72-4996-9D6B-B9C24B29DE33}"
EndProject
Global
	GlobalSection(SolutionConfigurationPlatforms) = preSolution
		Debug|Any CPU = Debug|Any CPU
		Release|Any CPU = Release|Any CPU
	EndGlobalSection
	GlobalSection(ProjectConfigurationPlatforms) = postSolution
		{1B90B740-8F72-4996-9D6B-B9C24B29DE33}.Debug|Any CPU.ActiveCfg = Debug|Any CPU
		{1B90B740-8F72-4996-9D6B-B9C24B29DE33}.Debug|Any CPU.Build.0 = Debug|Any CPU
		{1B90B740-8F72-4996-9D6B-B9C24B29DE33}.Debug|Any CPU.Deploy.0 = Debug|Any CPU
		{1B90B740-8F72-4996-9D6B-B9C24B29DE33}.Release|Any CPU.ActiveCfg = Release|Any CPU
		{1B90B740-8F72-4996-9D6B-B9C24B29DE33}.Release|Any CPU.Build.0 = Release|Any CPU
		{1B90B740-8F72-4996-9D6B-B9C24B29DE33}.Release|Any CPU.Deploy.0 = Release|Any CPU
	EndGlobalSection
	GlobalSection(SolutionProperties) = preSolution
		HideSolutionNode = FALSE
	EndGlobalSection
	GlobalSection(ExtensibilityGlobals) = postSolution
		SolutionGuid = {834EF22E-EB7C-4371-8C32-1D3A342DA1C1}
	EndGlobalSection
EndGlobal
